{
  "lockfile_version": "1",
  "packages": {
    "go-task@3.41.0": {
      "last_modified": "2025-03-11T17:52:14Z",
      "resolved": "github:NixOS/nixpkgs/0d534853a55b5d02a4ababa1d71921ce8f0aee4c#go-task",
      "source": "devbox-search",
      "version": "3.41.0",
      "systems": {
        "aarch64-darwin": {
          "outputs": [
            {
              "name": "out",
              "path": "/nix/store/kgfbhsp4ixr3kl5m2vhciw8v13czfml6-go-task-3.41.0",
              "default": true
            }
          ],
          "store_path": "/nix/store/kgfbhsp4ixr3kl5m2vhciw8v13czfml6-go-task-3.41.0"
        },
        "aarch64-linux": {
          "outputs": [
            {
              "name": "out",
              "path": "/nix/store/sr9j2rbzia0hq62k5gkwhk0bcmb14ywh-go-task-3.41.0",
              "default": true
            }
          ],
          "store_path": "/nix/store/sr9j2rbzia0hq62k5gkwhk0bcmb14ywh-go-task-3.41.0"
        },
        "x86_64-darwin": {
          "outputs": [
            {
              "name": "out",
              "path": "/nix/store/zgj5m7kkmkml6yg3v4xy0m7ln95z03s3-go-task-3.41.0",
              "default": true
            }
          ],
          "store_path": "/nix/store/zgj5m7kkmkml6yg3v4xy0m7ln95z03s3-go-task-3.41.0"
        },
        "x86_64-linux": {
          "outputs": [
            {
              "name": "out",
              "path": "/nix/store/5q8536rllwzmf8gf6h0jw678pxy7ndbx-go-task-3.41.0",
              "default": true
            }
          ],
          "store_path": "/nix/store/5q8536rllwzmf8gf6h0jw678pxy7ndbx-go-task-3.41.0"
        }
      }
    },
    "golangci-lint@2.0.0": {
      "last_modified": "2025-03-25T17:32:05Z",
      "resolved": "github:NixOS/nixpkgs/25d1b84f5c90632a623c48d83a2faf156451e6b1#golangci-lint",
      "source": "devbox-search",
      "version": "2.0.0",
      "systems": {
        "aarch64-darwin": {
          "outputs": [
            {
              "name": "out",
              "path": "/nix/store/idv9cyl4i6w9n4sgc29kvqhywm04n1rz-golangci-lint-2.0.0",
              "default": true
            }
          ],
          "store_path": "/nix/store/idv9cyl4i6w9n4sgc29kvqhywm04n1rz-golangci-lint-2.0.0"
        },
        "aarch64-linux": {
          "outputs": [
            {
              "name": "out",
              "path": "/nix/store/r0jxwvqvk2999dx04v3j9jgd46jscqc4-golangci-lint-2.0.0",
              "default": true
            }
          ],
          "store_path": "/nix/store/r0jxwvqvk2999dx04v3j9jgd46jscqc4-golangci-lint-2.0.0"
        },
        "x86_64-darwin": {
          "outputs": [
            {
              "name": "out",
              "path": "/nix/store/lsyy8arab3zvkpi8lr9303mf88y5k1rc-golangci-lint-2.0.0",
              "default": true
            }
          ],
          "store_path": "/nix/store/lsyy8arab3zvkpi8lr9303mf88y5k1rc-golangci-lint-2.0.0"
        },
        "x86_64-linux": {
          "outputs": [
            {
              "name": "out",
              "path": "/nix/store/834gvbmhpwvy1d65r5x4xihkxm4g91ab-golangci-lint-2.0.0",
              "default": true
            }
          ],
          "store_path": "/nix/store/834gvbmhpwvy1d65r5x4xihkxm4g91ab-golangci-lint-2.0.0"
        }
      }
    },
    "goreleaser@2.8.1": {
      "last_modified": "2025-03-21T08:42:37Z",
      "resolved": "github:NixOS/nixpkgs/bfa9810ff7104a17555ab68ebdeafb6705f129b1#goreleaser",
      "source": "devbox-search",
      "version": "2.8.1",
      "systems": {
        "aarch64-darwin": {
          "outputs": [
            {
              "name": "out",
              "path": "/nix/store/v7qnqs17cdszl6mkw39mpk8ww0b70gbw-goreleaser-2.8.1",
              "default": true
            }
          ],
          "store_path": "/nix/store/v7qnqs17cdszl6mkw39mpk8ww0b70gbw-goreleaser-2.8.1"
        },
        "aarch64-linux": {
          "outputs": [
            {
              "name": "out",
              "path": "/nix/store/6z2mvd1b1g9nqnw0fsdcq786ik99888b-goreleaser-2.8.1",
              "default": true
            }
          ],
          "store_path": "/nix/store/6z2mvd1b1g9nqnw0fsdcq786ik99888b-goreleaser-2.8.1"
        },
        "x86_64-darwin": {
          "outputs": [
            {
              "name": "out",
              "path": "/nix/store/nz3y3dyv5n1jrbirbxp578jambyl53wm-goreleaser-2.8.1",
              "default": true
            }
          ],
          "store_path": "/nix/store/nz3y3dyv5n1jrbirbxp578jambyl53wm-goreleaser-2.8.1"
        },
        "x86_64-linux": {
          "outputs": [
            {
              "name": "out",
              "path": "/nix/store/xbcigyqhs33mzg1hqy8i8chj7v5v2x2z-goreleaser-2.8.1",
              "default": true
            }
          ],
          "store_path": "/nix/store/xbcigyqhs33mzg1hqy8i8chj7v5v2x2z-goreleaser-2.8.1"
        }
      }
    }
  }
}
